{
  "nodes": {
    "flake-compat": {
      "flake": false,
      "locked": {
        "lastModified": 1767039857,
        "narHash": "sha256-vNpUSpF5Nuw8xvDLj2KCwwksIbjua2LZCqhV1LNRDns=",
        "owner": "NixOS",
        "repo": "flake-compat",
        "rev": "5edf11c44bc78a0d334f6334cdaf7d60d732daab",
        "type": "github"
      },
      "original": {
        "owner": "NixOS",
        "repo": "flake-compat",
        "type": "github"
      }
    },
    "git-hooks": {
      "inputs": {
        "flake-compat": "flake-compat",
        "gitignore": "gitignore",
        "nixpkgs": [
          "nixpkgs"
        ]
      },
      "locked": {
        "lastModified": 1769939035,
        "narHash": "sha256-Fok2AmefgVA0+eprw2NDwqKkPGEI5wvR+twiZagBvrg=",
        "owner": "cachix",
        "repo": "git-hooks.nix",
        "rev": "a8ca480175326551d6c4121498316261cbb5b260",
        "type": "github"
      },
      "original": {
        "owner": "cachix",
        "repo": "git-hooks.nix",
        "type": "github"
      }
    },
    "gitignore": {
      "inputs": {
        "nixpkgs": [
          "git-hooks",
          "nixpkgs"
        ]
      },
      "locked": {
        "lastModified": 1709087332,
        "narHash": "sha256-HG2cCnktfHsKV0s4XW83gU3F57gaTljL9KNSuG6bnQs=",
        "owner": "hercules-ci",
        "repo": "gitignore.nix",
        "rev": "637db329424fd7e46cf4185293b9cc8c88c95394",
        "type": "github"
      },
      "original": {
        "owner": "hercules-ci",
        "repo": "gitignore.nix",
        "type": "github"
      }
    },
    "nixpkgs": {
      "locked": {
        "lastModified": 1768649915,
        "narHash": "sha256-jc21hKogFnxU7KXSVTRmxC7u5D4RHwm9BAvDf5/Z1Uo=",
        "owner": "NixOS",
        "repo": "nixpkgs",
        "rev": "3e3f3c7f9977dc123c23ee21e8085ed63daf8c37",
        "type": "github"
      },
      "original": {
        "owner": "NixOS",
        "ref": "release-25.05",
        "repo": "nixpkgs",
        "type": "github"
      }
    },
    "nixpkgs-unstable": {
      "locked": {
        "lastModified": 1770015011,
        "narHash": "sha256-7vUo0qWCl/rip+fzr6lcMlz9I0tN/8m7d5Bla/rS2kk=",
        "owner": "NixOS",
        "repo": "nixpkgs",
        "rev": "f08e6b11a5ed43637a8ac444dd44118bc7d273b9",
        "type": "github"
      },
      "original": {
        "owner": "NixOS",
        "ref": "nixpkgs-unstable",
        "repo": "nixpkgs",
        "type": "github"
      }
    },
    "root": {
      "inputs": {
        "git-hooks": "git-hooks",
        "nixpkgs": "nixpkgs",
        "nixpkgs-unstable": "nixpkgs-unstable",
        "vim-eskk": "vim-eskk",
        "vim-lsp": "vim-lsp"
      }
    },
    "vim-eskk": {
      "flake": false,
      "locked": {
        "lastModified": 1717933058,
        "narHash": "sha256-7nPzxCbKHBwplrTCsO4SxdFe/VK0VMHWDspWvVJvwLU=",
        "owner": "vim-skk",
        "repo": "eskk.vim",
        "rev": "e530575790cca5d6603b8ab984298459ecf3c0c0",
        "type": "github"
      },
      "original": {
        "owner": "vim-skk",
        "repo": "eskk.vim",
        "type": "github"
      }
    },
    "vim-lsp": {
      "flake": false,
      "locked": {
        "lastModified": 1769797177,
        "narHash": "sha256-AU71kr/NTrbp9wOs4Z6iGtjwRmu8crx8wZ6b89RcKu0=",
        "owner": "yegappan",
        "repo": "lsp",
        "rev": "c1d31b141ac9f1af44e1271e2fba78991b4e6e2b",
        "type": "github"
      },
      "original": {
        "owner": "yegappan",
        "repo": "lsp",
        "type": "github"
      }
    }
  },
  "root": "root",
  "version": 7
}
