version = 1
revision = 3
requires-python = "==3.12.*"

[[package]]
name = "gh-ro"
version = "0"
source = { virtual = "." }
dependencies = [
    { name = "graphql-core" },
]

[package.metadata]
requires-dist = [{ name = "graphql-core" }]

[[package]]
name = "graphql-core"
version = "3.2.11"
source = { registry = "https://pypi.org/simple" }
sdist = { url = "https://files.pythonhosted.org/packages/4d/90/f2aff026ab4aebd80eb71905106a0885f4cfde85dcf965543f45bed0d9ee/graphql_core-3.2.11.tar.gz", hash = "sha256:e7e156d10beb127cab5c89ff0da71416fc73d27c484a4757d3b2d35633774802", size = 528407, upload-time = "2026-06-05T13:45:22.915Z" }
wheels = [
    { url = "https://files.pythonhosted.org/packages/00/15/b92b4e1d88d02c6eff9733c9eea21846ab435cc4d813d84ccc5d335955df/graphql_core-3.2.11-py3-none-any.whl", hash = "sha256:0b3e35ff41e9adba53021ab0cef475eb18f57c7f53f0f2ca55567fbf3c537ea0", size = 214879, upload-time = "2026-06-05T13:45:21.245Z" },
]
